// !$*UTF8*$!
{
	archiveVersion = 1;
	classes = {
	};
	objectVersion = 50;
	objects = {

/* Begin PBXBuildFile section */
		43C7722A20E1FB8100BA64C9 /* AppDelegate.swift in Sources */ = {isa = PBXBuildFile; fileRef = 43C7722920E1FB8100BA64C9 /* AppDelegate.swift */; };
		43C7722C20E1FB8100BA64C9 /* ViewController.swift in Sources */ = {isa = PBXBuildFile; fileRef = 43C7722B20E1FB8100BA64C9 /* ViewController.swift */; };
		43C7722F20E1FB8100BA64C9 /* Main.storyboard in Resources */ = {isa = PBXBuildFile; fileRef = 43C7722D20E1FB8100BA64C9 /* Main.storyboard */; };
		43C7723120E1FB8200BA64C9 /* Assets.xcassets in Resources */ = {isa = PBXBuildFile; fileRef = 43C7723020E1FB8200BA64C9 /* Assets.xcassets */; };
		43C7723420E1FB8200BA64C9 /* LaunchScreen.storyboard in Resources */ = {isa = PBXBuildFile; fileRef = 43C7723220E1FB8200BA64C9 /* LaunchScreen.storyboard */; };
		43C7723C20E203A600BA64C9 /* TrackViewController.swift in Sources */ = {isa = PBXBuildFile; fileRef = 43C7723B20E203A600BA64C9 /* TrackViewController.swift */; };
		43C7723E20E203D700BA64C9 /* TransmitViewController.swift in Sources */ = {isa = PBXBuildFile; fileRef = 43C7723D20E203D700BA64C9 /* TransmitViewController.swift */; };
		43C7724020E4C6D400BA64C9 /* Localizable.strings in Resources */ = {isa = PBXBuildFile; fileRef = 43C7723F20E4C6D400BA64C9 /* Localizable.strings */; };
/* End PBXBuildFile section */

/* Begin PBXFileReference section */
		43C7722620E1FB8100BA64C9 /* iBeaconJH.app */ = {isa = PBXFileReference; explicitFileType = wrapper.application; includeInIndex = 0; path = iBeaconJH.app; sourceTree = BUILT_PRODUCTS_DIR; };
		43C7722920E1FB8100BA64C9 /* AppDelegate.swift */ = {isa = PBXFileReference; lastKnownFileType = sourcecode.swift; path = AppDelegate.swift; sourceTree = "<group>"; };
		43C7722B20E1FB8100BA64C9 /* ViewController.swift */ = {isa = PBXFileReference; lastKnownFileType = sourcecode.swift; path = ViewController.swift; sourceTree = "<group>"; };
		43C7722E20E1FB8100BA64C9 /* Base */ = {isa = PBXFileReference; lastKnownFileType = file.storyboard; name = Base; path = Base.lproj/Main.storyboard; sourceTree = "<group>"; };
		43C7723020E1FB8200BA64C9 /* Assets.xcassets */ = {isa = PBXFileReference; lastKnownFileType = folder.assetcatalog; path = Assets.xcassets; sourceTree = "<group>"; };
		43C7723320E1FB8200BA64C9 /* Base */ = {isa = PBXFileReference; lastKnownFileType = file.storyboard; name = Base; path = Base.lproj/LaunchScreen.storyboard; sourceTree = "<group>"; };
		43C7723520E1FB8200BA64C9 /* Info.plist */ = {isa = PBXFileReference; lastKnownFileType = text.plist.xml; path = Info.plist; sourceTree = "<group>"; };
		43C7723B20E203A600BA64C9 /* TrackViewController.swift */ = {isa = PBXFileReference; lastKnownFileType = sourcecode.swift; path = TrackViewController.swift; sourceTree = "<group>"; };
		43C7723D20E203D700BA64C9 /* TransmitViewController.swift */ = {isa = PBXFileReference; lastKnownFileType = sourcecode.swift; path = TransmitViewController.swift; sourceTree = "<group>"; };
		43C7723F20E4C6D400BA64C9 /* Localizable.strings */ = {isa = PBXFileReference; lastKnownFileType = text.plist.strings; path = Localizable.strings; sourceTree = "<group>"; };
/* End PBXFileReference section */

/* Begin PBXFrameworksBuildPhase section */
		43C7722320E1FB8100BA64C9 /* Frameworks */ = {
			isa = PBXFrameworksBuildPhase;
			buildActionMask = 2147483647;
			files = (
			);
			runOnlyForDeploymentPostprocessing = 0;
		};
/* End PBXFrameworksBuildPhase section */

/* Begin PBXGroup section */
		43C7721D20E1FB8100BA64C9 = {
			isa = PBXGroup;
			children = (
				43C7722820E1FB8100BA64C9 /* iBeaconJH */,
				43C7722720E1FB8100BA64C9 /* Products */,
			);
			sourceTree = "<group>";
		};
		43C7722720E1FB8100BA64C9 /* Products */ = {
			isa = PBXGroup;
			children = (
				43C7722620E1FB8100BA64C9 /* iBeaconJH.app */,
			);
			name = Products;
			sourceTree = "<group>";
		};
		43C7722820E1FB8100BA64C9 /* iBeaconJH */ = {
			isa = PBXGroup;
			children = (
				43C7722920E1FB8100BA64C9 /* AppDelegate.swift */,
				43C7722B20E1FB8100BA64C9 /* ViewController.swift */,
				43C7722D20E1FB8100BA64C9 /* Main.storyboard */,
				43C7723B20E203A600BA64C9 /* TrackViewController.swift */,
				43C7723D20E203D700BA64C9 /* TransmitViewController.swift */,
				43C7723020E1FB8200BA64C9 /* Assets.xcassets */,
				43C7723220E1FB8200BA64C9 /* LaunchScreen.storyboard */,
				43C7723520E1FB8200BA64C9 /* Info.plist */,
				43C7723F20E4C6D400BA64C9 /* Localizable.strings */,
			);
			path = iBeaconJH;
			sourceTree = "<group>";
		};
/* End PBXGroup section */

/* Begin PBXNativeTarget section */
		43C7722520E1FB8100BA64C9 /* iBeaconJH */ = {
			isa = PBXNativeTarget;
			buildConfigurationList = 43C7723820E1FB8200BA64C9 /* Build configuration list for PBXNativeTarget "iBeaconJH" */;
			buildPhases = (
				43C7722220E1FB8100BA64C9 /* Sources */,
				43C7722320E1FB8100BA64C9 /* Frameworks */,
				43C7722420E1FB8100BA64C9 /* Resources */,
			);
			buildRules = (
			);
			dependencies = (
			);
			name = iBeaconJH;
			productName = iBeaconJH;
			productReference = 43C7722620E1FB8100BA64C9 /* iBeaconJH.app */;
			productType = "com.apple.product-type.application";
		};
/* End PBXNativeTarget section */

/* Begin PBXProject section */
		43C7721E20E1FB8100BA64C9 /* Project object */ = {
			isa = PBXProject;
			attributes = {
				LastSwiftUpdateCheck = 0940;
				LastUpgradeCheck = 0940;
				ORGANIZATIONNAME = "Jungho Park";
				TargetAttributes = {
					43C7722520E1FB8100BA64C9 = {
						CreatedOnToolsVersion = 9.4.1;
					};
				};
			};
			buildConfigurationList = 43C7722120E1FB8100BA64C9 /* Build configuration list for PBXProject "iBeaconJH" */;
			compatibilityVersion = "Xcode 9.3";
			developmentRegion = en;
			hasScannedForEncodings = 0;
			knownRegions = (
				en,
				Base,
			);
			mainGroup = 43C7721D20E1FB8100BA64C9;
			productRefGroup = 43C7722720E1FB8100BA64C9 /* Products */;
			projectDirPath = "";
			projectRoot = "";
			targets = (
				43C7722520E1FB8100BA64C9 /* iBeaconJH */,
			);
		};
/* End PBXProject section */

/* Begin PBXResourcesBuildPhase section */
		43C7722420E1FB8100BA64C9 /* Resources */ = {
			isa = PBXResourcesBuildPhase;
			buildActionMask = 2147483647;
			files = (
				43C7723420E1FB8200BA64C9 /* LaunchScreen.storyboard in Resources */,
				43C7724020E4C6D400BA64C9 /* Localizable.strings in Resources */,
				43C7723120E1FB8200BA64C9 /* Assets.xcassets in Resources */,
				43C7722F20E1FB8100BA64C9 /* Main.storyboard in Resources */,
			);
			runOnlyForDeploymentPostprocessing = 0;
		};
/* End PBXResourcesBuildPhase section */

/* Begin PBXSourcesBuildPhase section */
		43C7722220E1FB8100BA64C9 /* Sources */ = {
			isa = PBXSourcesBuildPhase;
			buildActionMask = 2147483647;
			files = (
				43C7723E20E203D700BA64C9 /* TransmitViewController.swift in Sources */,
				43C7722C20E1FB8100BA64C9 /* ViewController.swift in Sources */,
				43C7723C20E203A600BA64C9 /* TrackViewController.swift in Sources */,
				43C7722A20E1FB8100BA64C9 /* AppDelegate.swift in Sources */,
			);
			runOnlyForDeploymentPostprocessing = 0;
		};
/* End PBXSourcesBuildPhase section */

/* Begin PBXVariantGroup section */
		43C7722D20E1FB8100BA64C9 /* Main.storyboard */ = {
			isa = PBXVariantGroup;
			children = (
				43C7722E20E1FB8100BA64C9 /* Base */,
			);
			name = Main.storyboard;
			sourceTree = "<group>";
		};
		43C7723220E1FB8200BA64C9 /* LaunchScreen.storyboard */ = {
			isa = PBXVariantGroup;
			children = (
				43C7723320E1FB8200BA64C9 /* Base */,
			);
			name = LaunchScreen.storyboard;
			sourceTree = "<group>";
		};
/* End PBXVariantGroup section */

/* Begin XCBuildConfiguration section */
		43C7723620E1FB8200BA64C9 /* Debug */ = {
			isa = XCBuildConfiguration;
			buildSettings = {
				ALWAYS_SEARCH_USER_PATHS = NO;
				CLANG_ANALYZER_NONNULL = YES;
				CLANG_ANALYZER_NUMBER_OBJECT_CONVERSION = YES_AGGRESSIVE;
				CLANG_CXX_LANGUAGE_STANDARD = "gnu++14";
				CLANG_CXX_LIBRARY = "libc++";
				CLANG_ENABLE_MODULES = YES;
				CLANG_ENABLE_OBJC_ARC = YES;
				CLANG_ENABLE_OBJC_WEAK = YES;
				CLANG_WARN_BLOCK_CAPTURE_AUTORELEASING = YES;
				CLANG_WARN_BOOL_CONVERSION = YES;
				CLANG_WARN_COMMA = YES;
				CLANG_WARN_CONSTANT_CONVERSION = YES;
				CLANG_WARN_DEPRECATED_OBJC_IMPLEMENTATIONS = YES;
				CLANG_WARN_DIRECT_OBJC_ISA_USAGE = YES_ERROR;
				CLANG_WARN_DOCUMENTATION_COMMENTS = YES;
				CLANG_WARN_EMPTY_BODY = YES;
				CLANG_WARN_ENUM_CONVERSION = YES;
				CLANG_WARN_INFINITE_RECURSION = YES;
				CLANG_WARN_INT_CONVERSION = YES;
				CLANG_WARN_NON_LITERAL_NULL_CONVERSION = YES;
				CLANG_WARN_OBJC_IMPLICIT_RETAIN_SELF = YES;
				CLANG_WARN_OBJC_LITERAL_CONVERSION = YES;
				CLANG_WARN_OBJC_ROOT_CLASS = YES_ERROR;
				CLANG_WARN_RANGE_LOOP_ANALYSIS = YES;
				CLANG_WARN_STRICT_PROTOTYPES = YES;
				CLANG_WARN_SUSPICIOUS_MOVE = YES;
				CLANG_WARN_UNGUARDED_AVAILABILITY = YES_AGGRESSIVE;
				CLANG_WARN_UNREACHABLE_CODE = YES;
				CLANG_WARN__DUPLICATE_METHOD_MATCH = YES;
				CODE_SIGN_IDENTITY = "iPhone Developer";
				COPY_PHASE_STRIP = NO;
				DEBUG_INFORMATION_FORMAT = dwarf;
				ENABLE_STRICT_OBJC_MSGSEND = YES;
				ENABLE_TESTABILITY = YES;
				GCC_C_LANGUAGE_STANDARD = gnu11;
				GCC_DYNAMIC_NO_PIC = NO;
				GCC_NO_COMMON_BLOCKS = YES;
				GCC_OPTIMIZATION_LEVEL = 0;
				GCC_PREPROCESSOR_DEFINITIONS = (
					"DEBUG=1",
					"$(inherited)",
				);
				GCC_WARN_64_TO_32_BIT_CONVERSION = YES;
				GCC_WARN_ABOUT_RETURN_TYPE = YES_ERROR;
				GCC_WARN_UNDECLARED_SELECTOR = YES;
				GCC_WARN_UNINITIALIZED_AUTOS = YES_AGGRESSIVE;
				GCC_WARN_UNUSED_FUNCTION = YES;
				GCC_WARN_UNUSED_VARIABLE = YES;
				IPHONEOS_DEPLOYMENT_TARGET = 11.4;
				MTL_ENABLE_DEBUG_INFO = YES;
				ONLY_ACTIVE_ARCH = YES;
				SDKROOT = iphoneos;
				SWIFT_ACTIVE_COMPILATION_CONDITIONS = DEBUG;
				SWIFT_OPTIMIZATION_LEVEL = "-Onone";
			};
			name = Debug;
		};
		43C7723720E1FB8200BA64C9 /* Release */ = {
			isa = XCBuildConfiguration;
			buildSettings = {
				ALWAYS_SEARCH_USER_PATHS = NO;
				CLANG_ANALYZER_NONNULL = YES;
				CLANG_ANALYZER_NUMBER_OBJECT_CONVERSION = YES_AGGRESSIVE;
				CLANG_CXX_LANGUAGE_STANDARD = "gnu++14";
				CLANG_CXX_LIBRARY = "libc++";
				CLANG_ENABLE_MODULES = YES;
				CLANG_ENABLE_OBJC_ARC = YES;
				CLANG_ENABLE_OBJC_WEAK = YES;
				CLANG_WARN_BLOCK_CAPTURE_AUTORELEASING = YES;
				CLANG_WARN_BOOL_CONVERSION = YES;
				CLANG_WARN_COMMA = YES;
				CLANG_WARN_CONSTANT_CONVERSION = YES;
				CLANG_WARN_DEPRECATED_OBJC_IMPLEMENTATIONS = YES;
				CLANG_WARN_DIRECT_OBJC_ISA_USAGE = YES_ERROR;
				CLANG_WARN_DOCUMENTATION_COMMENTS = YES;
				CLANG_WARN_EMPTY_BODY = YES;
				CLANG_WARN_ENUM_CONVERSION = YES;
				CLANG_WARN_INFINITE_RECURSION = YES;
				CLANG_WARN_INT_CONVERSION = YES;
				CLANG_WARN_NON_LITERAL_NULL_CONVERSION = YES;
				CLANG_WARN_OBJC_IMPLICIT_RETAIN_SELF = YES;
				CLANG_WARN_OBJC_LITERAL_CONVERSION = YES;
				CLANG_WARN_OBJC_ROOT_CLASS = YES_ERROR;
				CLANG_WARN_RANGE_LOOP_ANALYSIS = YES;
				CLANG_WARN_STRICT_PROTOTYPES = YES;
				CLANG_WARN_SUSPICIOUS_MOVE = YES;
				CLANG_WARN_UNGUARDED_AVAILABILITY = YES_AGGRESSIVE;
				CLANG_WARN_UNREACHABLE_CODE = YES;
				CLANG_WARN__DUPLICATE_METHOD_MATCH = YES;
				CODE_SIGN_IDENTITY = "iPhone Developer";
				COPY_PHASE_STRIP = NO;
				DEBUG_INFORMATION_FORMAT = "dwarf-with-dsym";
				ENABLE_NS_ASSERTIONS = NO;
				ENABLE_STRICT_OBJC_MSGSEND = YES;
				GCC_C_LANGUAGE_STANDARD = gnu11;
				GCC_NO_COMMON_BLOCKS = YES;
				GCC_WARN_64_TO_32_BIT_CONVERSION = YES;
				GCC_WARN_ABOUT_RETURN_TYPE = YES_ERROR;
				GCC_WARN_UNDECLARED_SELECTOR = YES;
				GCC_WARN_UNINITIALIZED_AUTOS = YES_AGGRESSIVE;
				GCC_WARN_UNUSED_FUNCTION = YES;
				GCC_WARN_UNUSED_VARIABLE = YES;
				IPHONEOS_DEPLOYMENT_TARGET = 11.4;
				MTL_ENABLE_DEBUG_INFO = NO;
				SDKROOT = iphoneos;
				SWIFT_COMPILATION_MODE = wholemodule;
				SWIFT_OPTIMIZATION_LEVEL = "-O";
				VALIDATE_PRODUCT = YES;
			};
			name = Release;
		};
		43C7723920E1FB8200BA64C9 /* Debug */ = {
			isa = XCBuildConfiguration;
			buildSettings = {
				ASSETCATALOG_COMPILER_APPICON_NAME = AppIcon;
				CODE_SIGN_STYLE = Automatic;
				DEVELOPMENT_TEAM = VBR343B7HT;
				INFOPLIST_FILE = iBeaconJH/Info.plist;
				IPHONEOS_DEPLOYMENT_TARGET = 9.3;
				LD_RUNPATH_SEARCH_PATHS = (
					"$(inherited)",
					"@executable_path/Frameworks",
				);
				PRODUCT_BUNDLE_IDENTIFIER = com.junghopark.iBeaconJH;
				PRODUCT_NAME = "$(TARGET_NAME)";
				SWIFT_VERSION = 4.0;
				TARGETED_DEVICE_FAMILY = "1,2";
			};
			name = Debug;
		};
		43C7723A20E1FB8200BA64C9 /* Release */ = {
			isa = XCBuildConfiguration;
			buildSettings = {
				ASSETCATALOG_COMPILER_APPICON_NAME = AppIcon;
				CODE_SIGN_STYLE = Automatic;
				DEVELOPMENT_TEAM = VBR343B7HT;
				INFOPLIST_FILE = iBeaconJH/Info.plist;
				IPHONEOS_DEPLOYMENT_TARGET = 9.3;
				LD_RUNPATH_SEARCH_PATHS = (
					"$(inherited)",
					"@executable_path/Frameworks",
				);
				PRODUCT_BUNDLE_IDENTIFIER = com.junghopark.iBeaconJH;
				PRODUCT_NAME = "$(TARGET_NAME)";
				SWIFT_VERSION = 4.0;
				TARGETED_DEVICE_FAMILY = "1,2";
			};
			name = Release;
		};
/* End XCBuildConfiguration section */

/* Begin XCConfigurationList section */
		43C7722120E1FB8100BA64C9 /* Build configuration list for PBXProject "iBeaconJH" */ = {
			isa = XCConfigurationList;
			buildConfigurations = (
				43C7723620E1FB8200BA64C9 /* Debug */,
				43C7723720E1FB8200BA64C9 /* Release */,
			);
			defaultConfigurationIsVisible = 0;
			defaultConfigurationName = Release;
		};
		43C7723820E1FB8200BA64C9 /* Build configuration list for PBXNativeTarget "iBeaconJH" */ = {
			isa = XCConfigurationList;
			buildConfigurations = (
				43C7723920E1FB8200BA64C9 /* Debug */,
				43C7723A20E1FB8200BA64C9 /* Release */,
			);
			defaultConfigurationIsVisible = 0;
			defaultConfigurationName = Release;
		};
/* End XCConfigurationList section */
	};
	rootObject = 43C7721E20E1FB8100BA64C9 /* Project object */;
}
